
Microsoft Visual Studio Solution File, Format Version 12.00
# Visual Studio Version 16
VisualStudioVersion = 16.0.30907.101
MinimumVisualStudioVersion = 10.0.40219.1
Project("{FAE04EC0-301F-11D3-BF4B-00C04F79EFBC}") = "ServerChatApp_20190140111_PebriKurniaSandi", "ServerChatApp_20190140111_PebriKurniaSandi\ServerChatApp_20190140111_PebriKurniaSandi.csproj", "{5CEC5EF2-40B9-4677-9220-2BFDD373C872}"
EndProject
Global
	GlobalSection(SolutionConfigurationPlatforms) = preSolution
		Debug|Any CPU = Debug|Any CPU
		Release|Any CPU = Release|Any CPU
	EndGlobalSection
	GlobalSection(ProjectConfigurationPlatforms) = postSolution
		{5CEC5EF2-40B9-4677-9220-2BFDD373C872}.Debug|Any CPU.ActiveCfg = Debug|Any CPU
		{5CEC5EF2-40B9-4677-9220-2BFDD373C872}.Debug|Any CPU.Build.0 = Debug|Any CPU
		{5CEC5EF2-40B9-4677-9220-2BFDD373C872}.Release|Any CPU.ActiveCfg = Release|Any CPU
		{5CEC5EF2-40B9-4677-9220-2BFDD373C872}.Release|Any CPU.Build.0 = Release|Any CPU
	EndGlobalSection
	GlobalSection(SolutionProperties) = preSolution
		HideSolutionNode = FALSE
	EndGlobalSection
	GlobalSection(ExtensibilityGlobals) = postSolution
		SolutionGuid = {4A3AFE73-ED52-448C-A6B2-2190D6EF5232}
	EndGlobalSection
EndGlobal
